<?xml version="1.0" encoding="utf-8"?>
<Project ToolsVersion="4.0" xmlns="http://schemas.microsoft.com/developer/msbuild/2003">
  <ItemGroup>
    <Filter Include="Source Files">
      <UniqueIdentifier>{4FC737F1-C7A5-4376-A066-2A32D752A2FF}</UniqueIdentifier>
      <Extensions>cpp;c;cc;cxx;c++;cppm;ixx;def;odl;idl;hpj;bat;asm;asmx</Extensions>
    </Filter>
    <Filter Include="Header Files">
      <UniqueIdentifier>{93995380-89BD-4b04-88EB-625FBE52EBFB}</UniqueIdentifier>
      <Extensions>h;hh;hpp;hxx;h++;hm;inl;inc;ipp;xsd</Extensions>
    </Filter>
    <Filter Include="Resource Files">
      <UniqueIdentifier>{67DA6AB6-F800-4c08-8B7A-83BB121AAD01}</UniqueIdentifier>
      <Extensions>rc;ico;cur;bmp;dlg;rc2;rct;bin;rgs;gif;jpg;jpeg;jpe;resx;tiff;tif;png;wav;mfcribbon-ms</Extensions>
    </Filter>
    <Filter Include="Source Files\ChessGame">
      <UniqueIdentifier>{f85b1aa5-44bf-47d5-b4e2-e460fee148fc}</UniqueIdentifier>
    </Filter>
    <Filter Include="Source Files\DataTypes">
      <UniqueIdentifier>{f16590b7-4411-4b66-b91e-fb407c1c36b9}</UniqueIdentifier>
    </Filter>
    <Filter Include="Source Files\PCH">
      <UniqueIdentifier>{8b887d40-cb37-4cac-842f-dbf43fa3a469}</UniqueIdentifier>
    </Filter>
    <Filter Include="Header Files\Public">
      <UniqueIdentifier>{97cae879-95eb-4265-8ae5-9d8ab2d3ed5a}</UniqueIdentifier>
    </Filter>
    <Filter Include="Header Files\Private">
      <UniqueIdentifier>{1f2c0877-3e81-41e6-8539-82cfbc196eca}</UniqueIdentifier>
    </Filter>
    <Filter Include="Source Files\Helpers">
      <UniqueIdentifier>{20041afe-63b7-46f0-a52e-7b1f33e8f680}</UniqueIdentifier>
    </Filter>
    <Filter Include="Header Files\Private\Objects">
      <UniqueIdentifier>{035d9b6f-a46d-4498-8307-32b9b3bc7f43}</UniqueIdentifier>
    </Filter>
    <Filter Include="Header Files\Private\Other">
      <UniqueIdentifier>{a36f5611-e9af-4674-8c5b-6a09761135bf}</UniqueIdentifier>
    </Filter>
  </ItemGroup>
  <ItemGroup>
    <ClInclude Include="include\Chess.h">
      <Filter>Header Files\Public</Filter>
    </ClInclude>
    <ClInclude Include="src\ChessGame.h">
      <Filter>Header Files\Private\Objects</Filter>
    </ClInclude>
    <ClInclude Include="src\Move.h">
      <Filter>Header Files\Private\Objects</Filter>
    </ClInclude>
    <ClInclude Include="src\Piece.h">
      <Filter>Header Files\Private\Objects</Filter>
    </ClInclude>
    <ClInclude Include="src\Position.h">
      <Filter>Header Files\Private\Objects</Filter>
    </ClInclude>
    <ClInclude Include="src\DefaultBoard.h">
      <Filter>Header Files\Private\Other</Filter>
    </ClInclude>
    <ClInclude Include="src\Enums.h">
      <Filter>Header Files\Private\Other</Filter>
    </ClInclude>
    <ClInclude Include="src\Helpers.h">
      <Filter>Header Files\Private\Other</Filter>
    </ClInclude>
    <ClInclude Include="src\Logger.h">
      <Filter>Header Files\Private\Other</Filter>
    </ClInclude>
    <ClInclude Include="src\pch.h">
      <Filter>Header Files\Private\Other</Filter>
    </ClInclude>
  </ItemGroup>
  <ItemGroup>
    <ClCompile Include="src\ChessGame.cpp">
      <Filter>Source Files\ChessGame</Filter>
    </ClCompile>
    <ClCompile Include="src\MoveLogic.cpp">
      <Filter>Source Files\ChessGame</Filter>
    </ClCompile>
    <ClCompile Include="src\Move.cpp">
      <Filter>Source Files\DataTypes</Filter>
    </ClCompile>
    <ClCompile Include="src\Piece.cpp">
      <Filter>Source Files\DataTypes</Filter>
    </ClCompile>
    <ClCompile Include="src\Position.cpp">
      <Filter>Source Files\DataTypes</Filter>
    </ClCompile>
    <ClCompile Include="src\pch.cpp">
      <Filter>Source Files\PCH</Filter>
    </ClCompile>
    <ClCompile Include="src\Helpers.cpp">
      <Filter>Source Files\Helpers</Filter>
    </ClCompile>
  </ItemGroup>
  <ItemGroup>
    <None Include="src\preview.html">
      <Filter>Resource Files</Filter>
    </None>
  </ItemGroup>
</Project>